
Microsoft Visual Studio Solution File, Format Version 12.00
# Visual Studio Version 16
VisualStudioVersion = 16.0.31112.23
MinimumVisualStudioVersion = 10.0.40219.1
Project("{FAE04EC0-301F-11D3-BF4B-00C04F79EFBC}") = "Oryxen.Valheim.UI.DisplayDayTime", "Oryxen.Valheim.UI.DisplayDayTime\Oryxen.Valheim.UI.DisplayDayTime.csproj", "{E12E7C61-76D0-4CF3-8BB3-7E8ABB19D120}"
EndProject
Global
	GlobalSection(SolutionConfigurationPlatforms) = preSolution
		Debug|Any CPU = Debug|Any CPU
		Release|Any CPU = Release|Any CPU
	EndGlobalSection
	GlobalSection(ProjectConfigurationPlatforms) = postSolution
		{E12E7C61-76D0-4CF3-8BB3-7E8ABB19D120}.Debug|Any CPU.ActiveCfg = Debug|Any CPU
		{E12E7C61-76D0-4CF3-8BB3-7E8ABB19D120}.Debug|Any CPU.Build.0 = Debug|Any CPU
		{E12E7C61-76D0-4CF3-8BB3-7E8ABB19D120}.Release|Any CPU.ActiveCfg = Release|Any CPU
		{E12E7C61-76D0-4CF3-8BB3-7E8ABB19D120}.Release|Any CPU.Build.0 = Release|Any CPU
	EndGlobalSection
	GlobalSection(SolutionProperties) = preSolution
		HideSolutionNode = FALSE
	EndGlobalSection
	GlobalSection(ExtensibilityGlobals) = postSolution
		SolutionGuid = {E99B8D54-CA0B-4A84-B678-0E7AA0C78F35}
	EndGlobalSection
EndGlobal
